<?xml version="1.0" encoding="utf-8"?>
<Project ToolsVersion="4.0" xmlns="http://schemas.microsoft.com/developer/msbuild/2003">
  <ItemGroup>
    <Filter Include="Source Files">
      <UniqueIdentifier>{4FC737F1-C7A5-4376-A066-2A32D752A2FF}</UniqueIdentifier>
      <Extensions>cpp;c;cc;cxx;c++;cppm;ixx;def;odl;idl;hpj;bat;asm;asmx</Extensions>
    </Filter>
    <Filter Include="Header Files">
      <UniqueIdentifier>{93995380-89BD-4b04-88EB-625FBE52EBFB}</UniqueIdentifier>
      <Extensions>h;hh;hpp;hxx;h++;hm;inl;inc;ipp;xsd</Extensions>
    </Filter>
    <Filter Include="Resource Files">
      <UniqueIdentifier>{67DA6AB6-F800-4c08-8B7A-83BB121AAD01}</UniqueIdentifier>
      <Extensions>rc;ico;cur;bmp;dlg;rc2;rct;bin;rgs;gif;jpg;jpeg;jpe;resx;tiff;tif;png;wav;mfcribbon-ms</Extensions>
    </Filter>
    <Filter Include="Levels">
      <UniqueIdentifier>{2d3f7a26-a876-4388-9894-c6114cd36eb0}</UniqueIdentifier>
    </Filter>
    <Filter Include="Helper Headers">
      <UniqueIdentifier>{0da3e7fc-cf15-49d8-9c95-a7aa9cb74a58}</UniqueIdentifier>
    </Filter>
    <Filter Include="Helper Sources">
      <UniqueIdentifier>{8134c8e7-a78c-4a2c-8f52-15e59fedf429}</UniqueIdentifier>
    </Filter>
  </ItemGroup>
  <ItemGroup>
    <ClCompile Include="..\src\game.c">
      <Filter>Source Files</Filter>
    </ClCompile>
    <ClCompile Include="..\src\player.c">
      <Filter>Source Files</Filter>
    </ClCompile>
    <ClCompile Include="..\src\entity.c">
      <Filter>Source Files</Filter>
    </ClCompile>
    <ClCompile Include="..\src\monster.c">
      <Filter>Source Files</Filter>
    </ClCompile>
    <ClCompile Include="..\src\world.c">
      <Filter>Source Files</Filter>
    </ClCompile>
    <ClCompile Include="..\src\camera.c">
      <Filter>Source Files</Filter>
    </ClCompile>
    <ClCompile Include="..\src\level.c">
      <Filter>Source Files</Filter>
    </ClCompile>
    <ClCompile Include="..\src\projectiles.c">
      <Filter>Source Files</Filter>
    </ClCompile>
    <ClCompile Include="..\src\MattHelper.c">
      <Filter>Source Files</Filter>
    </ClCompile>
    <ClCompile Include="..\src\gf2d_draw.c">
      <Filter>Helper Sources</Filter>
    </ClCompile>
    <ClCompile Include="..\src\gf2d_graphics.c">
      <Filter>Helper Sources</Filter>
    </ClCompile>
    <ClCompile Include="..\src\gf2d_sprite.c">
      <Filter>Helper Sources</Filter>
    </ClCompile>
    <ClCompile Include="..\gfc\src\gfc_actions.c">
      <Filter>Helper Sources</Filter>
    </ClCompile>
    <ClCompile Include="..\gfc\src\gfc_audio.c">
      <Filter>Helper Sources</Filter>
    </ClCompile>
    <ClCompile Include="..\gfc\src\gfc_callbacks.c">
      <Filter>Helper Sources</Filter>
    </ClCompile>
    <ClCompile Include="..\gfc\src\gfc_color.c">
      <Filter>Helper Sources</Filter>
    </ClCompile>
    <ClCompile Include="..\gfc\src\gfc_config.c">
      <Filter>Helper Sources</Filter>
    </ClCompile>
    <ClCompile Include="..\gfc\src\gfc_config_def.c">
      <Filter>Helper Sources</Filter>
    </ClCompile>
    <ClCompile Include="..\gfc\src\gfc_decode.c">
      <Filter>Helper Sources</Filter>
    </ClCompile>
    <ClCompile Include="..\gfc\src\gfc_hashmap.c">
      <Filter>Helper Sources</Filter>
    </ClCompile>
    <ClCompile Include="..\gfc\src\gfc_input.c">
      <Filter>Helper Sources</Filter>
    </ClCompile>
    <ClCompile Include="..\gfc\src\gfc_list.c">
      <Filter>Helper Sources</Filter>
    </ClCompile>
    <ClCompile Include="..\gfc\src\gfc_matrix.c">
      <Filter>Helper Sources</Filter>
    </ClCompile>
    <ClCompile Include="..\gfc\src\gfc_noise.c">
      <Filter>Helper Sources</Filter>
    </ClCompile>
    <ClCompile Include="..\gfc\src\gfc_pak.c">
      <Filter>Helper Sources</Filter>
    </ClCompile>
    <ClCompile Include="..\gfc\src\gfc_primitives.c">
      <Filter>Helper Sources</Filter>
    </ClCompile>
    <ClCompile Include="..\gfc\src\gfc_shape.c">
      <Filter>Helper Sources</Filter>
    </ClCompile>
    <ClCompile Include="..\gfc\src\gfc_string.c">
      <Filter>Helper Sources</Filter>
    </ClCompile>
    <ClCompile Include="..\gfc\src\gfc_text.c">
      <Filter>Helper Sources</Filter>
    </ClCompile>
    <ClCompile Include="..\gfc\src\gfc_types.c">
      <Filter>Helper Sources</Filter>
    </ClCompile>
    <ClCompile Include="..\gfc\src\gfc_vector.c">
      <Filter>Helper Sources</Filter>
    </ClCompile>
    <ClCompile Include="..\gfc\simple_json\src\simple_json.c">
      <Filter>Helper Sources</Filter>
    </ClCompile>
    <ClCompile Include="..\gfc\simple_json\src\simple_json_array.c">
      <Filter>Helper Sources</Filter>
    </ClCompile>
    <ClCompile Include="..\gfc\simple_json\src\simple_json_error.c">
      <Filter>Helper Sources</Filter>
    </ClCompile>
    <ClCompile Include="..\gfc\simple_json\src\simple_json_list.c">
      <Filter>Helper Sources</Filter>
    </ClCompile>
    <ClCompile Include="..\gfc\simple_json\src\simple_json_object.c">
      <Filter>Helper Sources</Filter>
    </ClCompile>
    <ClCompile Include="..\gfc\simple_json\src\simple_json_parse.c">
      <Filter>Helper Sources</Filter>
    </ClCompile>
    <ClCompile Include="..\gfc\simple_json\src\simple_json_string.c">
      <Filter>Helper Sources</Filter>
    </ClCompile>
    <ClCompile Include="..\gfc\simple_logger\src\simple_logger.c">
      <Filter>Helper Sources</Filter>
    </ClCompile>
    <ClCompile Include="..\gfc\src\miniz.c">
      <Filter>Helper Sources</Filter>
    </ClCompile>
    <ClCompile Include="..\src\role.c">
      <Filter>Source Files</Filter>
    </ClCompile>
    <ClCompile Include="..\src\bomb.c">
      <Filter>Source Files</Filter>
    </ClCompile>
    <ClCompile Include="..\src\boss.c">
      <Filter>Source Files</Filter>
    </ClCompile>
    <ClCompile Include="..\src\powerup.c">
      <Filter>Source Files</Filter>
    </ClCompile>
  </ItemGroup>
  <ItemGroup>
    <ClInclude Include="..\include\entity.h">
      <Filter>Header Files</Filter>
    </ClInclude>
    <ClInclude Include="..\include\player.h">
      <Filter>Header Files</Filter>
    </ClInclude>
    <ClInclude Include="..\include\monster.h">
      <Filter>Header Files</Filter>
    </ClInclude>
    <ClInclude Include="..\include\world.h">
      <Filter>Header Files</Filter>
    </ClInclude>
    <ClInclude Include="..\include\camera.h">
      <Filter>Header Files</Filter>
    </ClInclude>
    <ClInclude Include="..\include\tiledef.h">
      <Filter>Header Files</Filter>
    </ClInclude>
    <ClInclude Include="..\include\level.h">
      <Filter>Header Files</Filter>
    </ClInclude>
    <ClInclude Include="..\include\projectiles.h">
      <Filter>Header Files</Filter>
    </ClInclude>
    <ClInclude Include="..\include\MattHelper.h">
      <Filter>Header Files</Filter>
    </ClInclude>
    <ClInclude Include="..\gfc\simple_logger\include\simple_logger.h">
      <Filter>Helper Headers</Filter>
    </ClInclude>
    <ClInclude Include="..\gfc\simple_json\include\simple_json.h">
      <Filter>Helper Headers</Filter>
    </ClInclude>
    <ClInclude Include="..\gfc\simple_json\include\simple_json_array.h">
      <Filter>Helper Headers</Filter>
    </ClInclude>
    <ClInclude Include="..\gfc\simple_json\include\simple_json_error.h">
      <Filter>Helper Headers</Filter>
    </ClInclude>
    <ClInclude Include="..\gfc\simple_json\include\simple_json_list.h">
      <Filter>Helper Headers</Filter>
    </ClInclude>
    <ClInclude Include="..\gfc\simple_json\include\simple_json_object.h">
      <Filter>Helper Headers</Filter>
    </ClInclude>
    <ClInclude Include="..\gfc\simple_json\include\simple_json_parse.h">
      <Filter>Helper Headers</Filter>
    </ClInclude>
    <ClInclude Include="..\gfc\simple_json\include\simple_json_string.h">
      <Filter>Helper Headers</Filter>
    </ClInclude>
    <ClInclude Include="..\gfc\simple_json\include\simple_json_types.h">
      <Filter>Helper Headers</Filter>
    </ClInclude>
    <ClInclude Include="..\gfc\simple_json\include\simple_json_value.h">
      <Filter>Helper Headers</Filter>
    </ClInclude>
    <ClInclude Include="..\gfc\include\miniz.h">
      <Filter>Helper Headers</Filter>
    </ClInclude>
    <ClInclude Include="..\gfc\include\gfc_vector.h">
      <Filter>Helper Headers</Filter>
    </ClInclude>
    <ClInclude Include="..\include\gf2d_draw.h">
      <Filter>Helper Headers</Filter>
    </ClInclude>
    <ClInclude Include="..\include\gf2d_graphics.h">
      <Filter>Helper Headers</Filter>
    </ClInclude>
    <ClInclude Include="..\include\gf2d_sprite.h">
      <Filter>Helper Headers</Filter>
    </ClInclude>
    <ClInclude Include="..\gfc\include\gfc_actions.h">
      <Filter>Helper Headers</Filter>
    </ClInclude>
    <ClInclude Include="..\gfc\include\gfc_audio.h">
      <Filter>Helper Headers</Filter>
    </ClInclude>
    <ClInclude Include="..\gfc\include\gfc_callbacks.h">
      <Filter>Helper Headers</Filter>
    </ClInclude>
    <ClInclude Include="..\gfc\include\gfc_color.h">
      <Filter>Helper Headers</Filter>
    </ClInclude>
    <ClInclude Include="..\gfc\include\gfc_config.h">
      <Filter>Helper Headers</Filter>
    </ClInclude>
    <ClInclude Include="..\gfc\include\gfc_config_def.h">
      <Filter>Helper Headers</Filter>
    </ClInclude>
    <ClInclude Include="..\gfc\include\gfc_decode.h">
      <Filter>Helper Headers</Filter>
    </ClInclude>
    <ClInclude Include="..\gfc\include\gfc_hashmap.h">
      <Filter>Helper Headers</Filter>
    </ClInclude>
    <ClInclude Include="..\gfc\include\gfc_input.h">
      <Filter>Helper Headers</Filter>
    </ClInclude>
    <ClInclude Include="..\gfc\include\gfc_list.h">
      <Filter>Helper Headers</Filter>
    </ClInclude>
    <ClInclude Include="..\gfc\include\gfc_matrix.h">
      <Filter>Helper Headers</Filter>
    </ClInclude>
    <ClInclude Include="..\gfc\include\gfc_noise.h">
      <Filter>Helper Headers</Filter>
    </ClInclude>
    <ClInclude Include="..\gfc\include\gfc_pak.h">
      <Filter>Helper Headers</Filter>
    </ClInclude>
    <ClInclude Include="..\gfc\include\gfc_primitives.h">
      <Filter>Helper Headers</Filter>
    </ClInclude>
    <ClInclude Include="..\gfc\include\gfc_shape.h">
      <Filter>Helper Headers</Filter>
    </ClInclude>
    <ClInclude Include="..\gfc\include\gfc_string.h">
      <Filter>Helper Headers</Filter>
    </ClInclude>
    <ClInclude Include="..\gfc\include\gfc_text.h">
      <Filter>Helper Headers</Filter>
    </ClInclude>
    <ClInclude Include="..\gfc\include\gfc_types.h">
      <Filter>Helper Headers</Filter>
    </ClInclude>
    <ClInclude Include="..\include\role.h">
      <Filter>Header Files</Filter>
    </ClInclude>
    <ClInclude Include="..\include\bomb.h">
      <Filter>Header Files</Filter>
    </ClInclude>
    <ClInclude Include="..\include\boss.h">
      <Filter>Header Files</Filter>
    </ClInclude>
    <ClInclude Include="..\include\powerup.h">
      <Filter>Header Files</Filter>
    </ClInclude>
  </ItemGroup>
  <ItemGroup>
    <None Include="testLevel.level">
      <Filter>Levels</Filter>
    </None>
    <None Include="..\levels\debugLevel.level">
      <Filter>Levels</Filter>
    </None>
    <None Include="..\levels\debugLevelProjectiles.level">
      <Filter>Levels</Filter>
    </None>
    <None Include="..\levels\mainMenu.level">
      <Filter>Levels</Filter>
    </None>
  </ItemGroup>
</Project>